Microsoft Visual Studio Solution File, Format Version 11.00
# Visual Studio 2017

Project("{8BC9CEB8-8B4A-11D0-8D11-00A0C91BC942}") = "DistortionVST - VST", "DistortionVST_VST.vcxproj", "{CF2C9A24-1881-9871-ABFA-58DF092682B8}"
	ProjectSection(ProjectDependencies) = postProject
		{ADC85F76-A307-A3AA-AAEF-E755776408AB} = {ADC85F76-A307-A3AA-AAEF-E755776408AB}
	EndProjectSection
EndProject
Project("{8BC9CEB8-8B4A-11D0-8D11-00A0C91BC942}") = "DistortionVST - Shared Code", "DistortionVST_SharedCode.vcxproj", "{ADC85F76-A307-A3AA-AAEF-E755776408AB}"
EndProject
Global
	GlobalSection(SolutionConfigurationPlatforms) = preSolution
		Debug|x64 = Debug|x64
		Release|x64 = Release|x64
	EndGlobalSection
	GlobalSection(ProjectConfigurationPlatforms) = postSolution
		{CF2C9A24-1881-9871-ABFA-58DF092682B8}.Debug|x64.ActiveCfg = Debug|x64
		{CF2C9A24-1881-9871-ABFA-58DF092682B8}.Debug|x64.Build.0 = Debug|x64
		{CF2C9A24-1881-9871-ABFA-58DF092682B8}.Release|x64.ActiveCfg = Release|x64
		{CF2C9A24-1881-9871-ABFA-58DF092682B8}.Release|x64.Build.0 = Release|x64
		{ADC85F76-A307-A3AA-AAEF-E755776408AB}.Debug|x64.ActiveCfg = Debug|x64
		{ADC85F76-A307-A3AA-AAEF-E755776408AB}.Debug|x64.Build.0 = Debug|x64
		{ADC85F76-A307-A3AA-AAEF-E755776408AB}.Release|x64.ActiveCfg = Release|x64
		{ADC85F76-A307-A3AA-AAEF-E755776408AB}.Release|x64.Build.0 = Release|x64
	EndGlobalSection
	GlobalSection(SolutionProperties) = preSolution
		HideSolutionNode = FALSE
	EndGlobalSection
EndGlobal
